
Microsoft Visual Studio Solution File, Format Version 11.00
# Visual Studio 2010
Project("{FAE04EC0-301F-11D3-BF4B-00C04F79EFBC}") = "AuthAndCaching", "AuthAndCaching\AuthAndCaching.csproj", "{BC7F6E71-9FCC-4F62-96C3-2E4C351FFF3B}"
EndProject
Project("{2150E333-8FDC-42A3-9474-1A3956D46DE8}") = ".nuget", ".nuget", "{4417B3D4-4FE7-4B98-81DF-6339263B8E0F}"
	ProjectSection(SolutionItems) = preProject
		.nuget\NuGet.Config = .nuget\NuGet.Config
		.nuget\NuGet.exe = .nuget\NuGet.exe
		.nuget\NuGet.targets = .nuget\NuGet.targets
	EndProjectSection
EndProject
Global
	GlobalSection(SolutionConfigurationPlatforms) = preSolution
		Debug|x86 = Debug|x86
		Release|x86 = Release|x86
	EndGlobalSection
	GlobalSection(ProjectConfigurationPlatforms) = postSolution
		{BC7F6E71-9FCC-4F62-96C3-2E4C351FFF3B}.Debug|x86.ActiveCfg = Debug|x86
		{BC7F6E71-9FCC-4F62-96C3-2E4C351FFF3B}.Debug|x86.Build.0 = Debug|x86
		{BC7F6E71-9FCC-4F62-96C3-2E4C351FFF3B}.Release|x86.ActiveCfg = Release|x86
		{BC7F6E71-9FCC-4F62-96C3-2E4C351FFF3B}.Release|x86.Build.0 = Release|x86
	EndGlobalSection
	GlobalSection(SolutionProperties) = preSolution
		HideSolutionNode = FALSE
	EndGlobalSection
EndGlobal
