
Microsoft Visual Studio Solution File, Format Version 11.00
# Visual Studio 2010
Project("{FAE04EC0-301F-11D3-BF4B-00C04F79EFBC}") = "ConventionDynamicProxyExample", "ConventionDynamicProxyExample\ConventionDynamicProxyExample.csproj", "{F81426B1-B578-44CA-AAEA-33B52B6C87E6}"
EndProject
Project("{2150E333-8FDC-42A3-9474-1A3956D46DE8}") = ".nuget", ".nuget", "{03EA80E9-A36A-4C54-8C57-388412A940BB}"
	ProjectSection(SolutionItems) = preProject
		.nuget\NuGet.Config = .nuget\NuGet.Config
		.nuget\NuGet.exe = .nuget\NuGet.exe
		.nuget\NuGet.targets = .nuget\NuGet.targets
	EndProjectSection
EndProject
Global
	GlobalSection(SolutionConfigurationPlatforms) = preSolution
		Debug|x86 = Debug|x86
		Release|x86 = Release|x86
	EndGlobalSection
	GlobalSection(ProjectConfigurationPlatforms) = postSolution
		{F81426B1-B578-44CA-AAEA-33B52B6C87E6}.Debug|x86.ActiveCfg = Debug|x86
		{F81426B1-B578-44CA-AAEA-33B52B6C87E6}.Debug|x86.Build.0 = Debug|x86
		{F81426B1-B578-44CA-AAEA-33B52B6C87E6}.Release|x86.ActiveCfg = Release|x86
		{F81426B1-B578-44CA-AAEA-33B52B6C87E6}.Release|x86.Build.0 = Release|x86
	EndGlobalSection
	GlobalSection(SolutionProperties) = preSolution
		HideSolutionNode = FALSE
	EndGlobalSection
EndGlobal
