
Microsoft Visual Studio Solution File, Format Version 11.00
# Visual Studio 2010
Project("{FAE04EC0-301F-11D3-BF4B-00C04F79EFBC}") = "UnitTestingCastleDynamicProxy", "UnitTestingCastleDynamicProxy\UnitTestingCastleDynamicProxy.csproj", "{B9890960-8A92-4ACC-95D2-551833F9CEE5}"
EndProject
Project("{2150E333-8FDC-42A3-9474-1A3956D46DE8}") = ".nuget", ".nuget", "{E35B991D-DF5B-497C-BAE2-D5832C94EDC4}"
	ProjectSection(SolutionItems) = preProject
		.nuget\NuGet.Config = .nuget\NuGet.Config
		.nuget\NuGet.exe = .nuget\NuGet.exe
		.nuget\NuGet.targets = .nuget\NuGet.targets
	EndProjectSection
EndProject
Global
	GlobalSection(SolutionConfigurationPlatforms) = preSolution
		Debug|x86 = Debug|x86
		Release|x86 = Release|x86
	EndGlobalSection
	GlobalSection(ProjectConfigurationPlatforms) = postSolution
		{B9890960-8A92-4ACC-95D2-551833F9CEE5}.Debug|x86.ActiveCfg = Debug|x86
		{B9890960-8A92-4ACC-95D2-551833F9CEE5}.Debug|x86.Build.0 = Debug|x86
		{B9890960-8A92-4ACC-95D2-551833F9CEE5}.Release|x86.ActiveCfg = Release|x86
		{B9890960-8A92-4ACC-95D2-551833F9CEE5}.Release|x86.Build.0 = Release|x86
	EndGlobalSection
	GlobalSection(SolutionProperties) = preSolution
		HideSolutionNode = FALSE
	EndGlobalSection
EndGlobal
