
Microsoft Visual Studio Solution File, Format Version 11.00
# Visual Studio 2010
Project("{FAE04EC0-301F-11D3-BF4B-00C04F79EFBC}") = "PostSharpAspectRoles", "PostSharpAspectRoles\PostSharpAspectRoles.csproj", "{22609A0E-D17E-46E8-90AA-FADF720167C1}"
EndProject
Project("{2150E333-8FDC-42A3-9474-1A3956D46DE8}") = ".nuget", ".nuget", "{7E1EEB91-D14E-419F-AE81-2FED367C91F5}"
	ProjectSection(SolutionItems) = preProject
		.nuget\NuGet.Config = .nuget\NuGet.Config
		.nuget\NuGet.exe = .nuget\NuGet.exe
		.nuget\NuGet.targets = .nuget\NuGet.targets
	EndProjectSection
EndProject
Global
	GlobalSection(SolutionConfigurationPlatforms) = preSolution
		Debug|x86 = Debug|x86
		Release|x86 = Release|x86
	EndGlobalSection
	GlobalSection(ProjectConfigurationPlatforms) = postSolution
		{22609A0E-D17E-46E8-90AA-FADF720167C1}.Debug|x86.ActiveCfg = Debug|x86
		{22609A0E-D17E-46E8-90AA-FADF720167C1}.Debug|x86.Build.0 = Debug|x86
		{22609A0E-D17E-46E8-90AA-FADF720167C1}.Release|x86.ActiveCfg = Release|x86
		{22609A0E-D17E-46E8-90AA-FADF720167C1}.Release|x86.Build.0 = Release|x86
	EndGlobalSection
	GlobalSection(SolutionProperties) = preSolution
		HideSolutionNode = FALSE
	EndGlobalSection
EndGlobal
